Microsoft Visual Studio Solution File, Format Version 12.00
# Visual Studio Version 17
VisualStudioVersion = 17.5.2.0
MinimumVisualStudioVersion = 10.0.40219.1
Project("{FAE04EC0-301F-11D3-BF4B-00C04F79EFBC}") = "YahooApiConnector", "YahooApiConnector.csproj", "{6699E56A-6677-40C0-3729-9D0BEDE06F08}"
EndProject
Global
	GlobalSection(SolutionConfigurationPlatforms) = preSolution
		Debug|Any CPU = Debug|Any CPU
		Release|Any CPU = Release|Any CPU
	EndGlobalSection
	GlobalSection(ProjectConfigurationPlatforms) = postSolution
		{6699E56A-6677-40C0-3729-9D0BEDE06F08}.Debug|Any CPU.ActiveCfg = Debug|Any CPU
		{6699E56A-6677-40C0-3729-9D0BEDE06F08}.Debug|Any CPU.Build.0 = Debug|Any CPU
		{6699E56A-6677-40C0-3729-9D0BEDE06F08}.Release|Any CPU.ActiveCfg = Release|Any CPU
		{6699E56A-6677-40C0-3729-9D0BEDE06F08}.Release|Any CPU.Build.0 = Release|Any CPU
	EndGlobalSection
	GlobalSection(SolutionProperties) = preSolution
		HideSolutionNode = FALSE
	EndGlobalSection
	GlobalSection(ExtensibilityGlobals) = postSolution
		SolutionGuid = {D3842DCB-917B-4448-A80B-36B2D23B2886}
	EndGlobalSection
EndGlobal
